
Microsoft Visual Studio Solution File, Format Version 12.00
# Visual Studio Version 17
VisualStudioVersion = 17.3.32819.101
MinimumVisualStudioVersion = 10.0.40219.1
Project("{FAE04EC0-301F-11D3-BF4B-00C04F79EFBC}") = "bff.user-console.admin.api", "bff.user-console.admin.api.csproj", "{DF04D622-548A-46C5-A864-8CB3B3DE70BB}"
EndProject
Global
	GlobalSection(SolutionConfigurationPlatforms) = preSolution
		Debug|Any CPU = Debug|Any CPU
		Release|Any CPU = Release|Any CPU
	EndGlobalSection
	GlobalSection(ProjectConfigurationPlatforms) = postSolution
		{DF04D622-548A-46C5-A864-8CB3B3DE70BB}.Debug|Any CPU.ActiveCfg = Debug|Any CPU
		{DF04D622-548A-46C5-A864-8CB3B3DE70BB}.Debug|Any CPU.Build.0 = Debug|Any CPU
		{DF04D622-548A-46C5-A864-8CB3B3DE70BB}.Release|Any CPU.ActiveCfg = Release|Any CPU
		{DF04D622-548A-46C5-A864-8CB3B3DE70BB}.Release|Any CPU.Build.0 = Release|Any CPU
	EndGlobalSection
	GlobalSection(SolutionProperties) = preSolution
		HideSolutionNode = FALSE
	EndGlobalSection
	GlobalSection(ExtensibilityGlobals) = postSolution
		SolutionGuid = {1EE09FB4-0259-4690-906C-0A82A43AC638}
	EndGlobalSection
EndGlobal
